// !$*UTF8*$!
{
	archiveVersion = 1;
	classes = {
	};
	objectVersion = 48;
	objects = {

/* Begin PBXBuildFile section */
		AE042D941FF506CC00FE35EA /* AppDelegate.swift in Sources */ = {isa = PBXBuildFile; fileRef = AE042D931FF506CC00FE35EA /* AppDelegate.swift */; };
		AE042D961FF506CC00FE35EA /* ViewController.swift in Sources */ = {isa = PBXBuildFile; fileRef = AE042D951FF506CC00FE35EA /* ViewController.swift */; };
		AE042D991FF506CC00FE35EA /* Main.storyboard in Resources */ = {isa = PBXBuildFile; fileRef = AE042D971FF506CC00FE35EA /* Main.storyboard */; };
		AE042D9B1FF506CC00FE35EA /* Assets.xcassets in Resources */ = {isa = PBXBuildFile; fileRef = AE042D9A1FF506CC00FE35EA /* Assets.xcassets */; };
		AE042D9E1FF506CC00FE35EA /* LaunchScreen.storyboard in Resources */ = {isa = PBXBuildFile; fileRef = AE042D9C1FF506CC00FE35EA /* LaunchScreen.storyboard */; };
		AE042DA61FF5087E00FE35EA /* chart.html in Resources */ = {isa = PBXBuildFile; fileRef = AE042DA51FF5087E00FE35EA /* chart.html */; };
		AE60CD701FF5198200850298 /* fusioncharts.widgets.js in Resources */ = {isa = PBXBuildFile; fileRef = AE60CD6E1FF5198100850298 /* fusioncharts.widgets.js */; };
		AE60CD711FF5198200850298 /* fusioncharts.js in Resources */ = {isa = PBXBuildFile; fileRef = AE60CD6F1FF5198100850298 /* fusioncharts.js */; };
/* End PBXBuildFile section */

/* Begin PBXFileReference section */
		AE042D901FF506CC00FE35EA /* FusionCharts.app */ = {isa = PBXFileReference; explicitFileType = wrapper.application; includeInIndex = 0; path = FusionCharts.app; sourceTree = BUILT_PRODUCTS_DIR; };
		AE042D931FF506CC00FE35EA /* AppDelegate.swift */ = {isa = PBXFileReference; lastKnownFileType = sourcecode.swift; path = AppDelegate.swift; sourceTree = "<group>"; };
		AE042D951FF506CC00FE35EA /* ViewController.swift */ = {isa = PBXFileReference; lastKnownFileType = sourcecode.swift; path = ViewController.swift; sourceTree = "<group>"; };
		AE042D981FF506CC00FE35EA /* Base */ = {isa = PBXFileReference; lastKnownFileType = file.storyboard; name = Base; path = Base.lproj/Main.storyboard; sourceTree = "<group>"; };
		AE042D9A1FF506CC00FE35EA /* Assets.xcassets */ = {isa = PBXFileReference; lastKnownFileType = folder.assetcatalog; path = Assets.xcassets; sourceTree = "<group>"; };
		AE042D9D1FF506CC00FE35EA /* Base */ = {isa = PBXFileReference; lastKnownFileType = file.storyboard; name = Base; path = Base.lproj/LaunchScreen.storyboard; sourceTree = "<group>"; };
		AE042D9F1FF506CC00FE35EA /* Info.plist */ = {isa = PBXFileReference; lastKnownFileType = text.plist.xml; path = Info.plist; sourceTree = "<group>"; };
		AE042DA51FF5087E00FE35EA /* chart.html */ = {isa = PBXFileReference; lastKnownFileType = text.html; path = chart.html; sourceTree = "<group>"; };
		AE60CD6E1FF5198100850298 /* fusioncharts.widgets.js */ = {isa = PBXFileReference; fileEncoding = 4; lastKnownFileType = sourcecode.javascript; path = fusioncharts.widgets.js; sourceTree = "<group>"; };
		AE60CD6F1FF5198100850298 /* fusioncharts.js */ = {isa = PBXFileReference; fileEncoding = 4; lastKnownFileType = sourcecode.javascript; path = fusioncharts.js; sourceTree = "<group>"; };
/* End PBXFileReference section */

/* Begin PBXFrameworksBuildPhase section */
		AE042D8D1FF506CB00FE35EA /* Frameworks */ = {
			isa = PBXFrameworksBuildPhase;
			buildActionMask = 2147483647;
			files = (
			);
			runOnlyForDeploymentPostprocessing = 0;
		};
/* End PBXFrameworksBuildPhase section */

/* Begin PBXGroup section */
		AE042D871FF506CB00FE35EA = {
			isa = PBXGroup;
			children = (
				AE042D921FF506CC00FE35EA /* FusionCharts */,
				AE042D911FF506CC00FE35EA /* Products */,
			);
			sourceTree = "<group>";
		};
		AE042D911FF506CC00FE35EA /* Products */ = {
			isa = PBXGroup;
			children = (
				AE042D901FF506CC00FE35EA /* FusionCharts.app */,
			);
			name = Products;
			sourceTree = "<group>";
		};
		AE042D921FF506CC00FE35EA /* FusionCharts */ = {
			isa = PBXGroup;
			children = (
				AE60CD6F1FF5198100850298 /* fusioncharts.js */,
				AE60CD6E1FF5198100850298 /* fusioncharts.widgets.js */,
				AE042D931FF506CC00FE35EA /* AppDelegate.swift */,
				AE042D951FF506CC00FE35EA /* ViewController.swift */,
				AE042D971FF506CC00FE35EA /* Main.storyboard */,
				AE042D9A1FF506CC00FE35EA /* Assets.xcassets */,
				AE042D9C1FF506CC00FE35EA /* LaunchScreen.storyboard */,
				AE042D9F1FF506CC00FE35EA /* Info.plist */,
				AE042DA51FF5087E00FE35EA /* chart.html */,
			);
			path = FusionCharts;
			sourceTree = "<group>";
		};
/* End PBXGroup section */

/* Begin PBXNativeTarget section */
		AE042D8F1FF506CB00FE35EA /* FusionCharts */ = {
			isa = PBXNativeTarget;
			buildConfigurationList = AE042DA21FF506CC00FE35EA /* Build configuration list for PBXNativeTarget "FusionCharts" */;
			buildPhases = (
				AE042D8C1FF506CB00FE35EA /* Sources */,
				AE042D8D1FF506CB00FE35EA /* Frameworks */,
				AE042D8E1FF506CB00FE35EA /* Resources */,
			);
			buildRules = (
			);
			dependencies = (
			);
			name = FusionCharts;
			productName = FusionCharts;
			productReference = AE042D901FF506CC00FE35EA /* FusionCharts.app */;
			productType = "com.apple.product-type.application";
		};
/* End PBXNativeTarget section */

/* Begin PBXProject section */
		AE042D881FF506CB00FE35EA /* Project object */ = {
			isa = PBXProject;
			attributes = {
				LastSwiftUpdateCheck = 0920;
				LastUpgradeCheck = 0920;
				ORGANIZATIONNAME = "Gagan Sikri";
				TargetAttributes = {
					AE042D8F1FF506CB00FE35EA = {
						CreatedOnToolsVersion = 9.2;
						ProvisioningStyle = Automatic;
					};
				};
			};
			buildConfigurationList = AE042D8B1FF506CB00FE35EA /* Build configuration list for PBXProject "FusionCharts" */;
			compatibilityVersion = "Xcode 8.0";
			developmentRegion = en;
			hasScannedForEncodings = 0;
			knownRegions = (
				en,
				Base,
			);
			mainGroup = AE042D871FF506CB00FE35EA;
			productRefGroup = AE042D911FF506CC00FE35EA /* Products */;
			projectDirPath = "";
			projectRoot = "";
			targets = (
				AE042D8F1FF506CB00FE35EA /* FusionCharts */,
			);
		};
/* End PBXProject section */

/* Begin PBXResourcesBuildPhase section */
		AE042D8E1FF506CB00FE35EA /* Resources */ = {
			isa = PBXResourcesBuildPhase;
			buildActionMask = 2147483647;
			files = (
				AE60CD701FF5198200850298 /* fusioncharts.widgets.js in Resources */,
				AE042D9E1FF506CC00FE35EA /* LaunchScreen.storyboard in Resources */,
				AE042D9B1FF506CC00FE35EA /* Assets.xcassets in Resources */,
				AE60CD711FF5198200850298 /* fusioncharts.js in Resources */,
				AE042D991FF506CC00FE35EA /* Main.storyboard in Resources */,
				AE042DA61FF5087E00FE35EA /* chart.html in Resources */,
			);
			runOnlyForDeploymentPostprocessing = 0;
		};
/* End PBXResourcesBuildPhase section */

/* Begin PBXSourcesBuildPhase section */
		AE042D8C1FF506CB00FE35EA /* Sources */ = {
			isa = PBXSourcesBuildPhase;
			buildActionMask = 2147483647;
			files = (
				AE042D961FF506CC00FE35EA /* ViewController.swift in Sources */,
				AE042D941FF506CC00FE35EA /* AppDelegate.swift in Sources */,
			);
			runOnlyForDeploymentPostprocessing = 0;
		};
/* End PBXSourcesBuildPhase section */

/* Begin PBXVariantGroup section */
		AE042D971FF506CC00FE35EA /* Main.storyboard */ = {
			isa = PBXVariantGroup;
			children = (
				AE042D981FF506CC00FE35EA /* Base */,
			);
			name = Main.storyboard;
			sourceTree = "<group>";
		};
		AE042D9C1FF506CC00FE35EA /* LaunchScreen.storyboard */ = {
			isa = PBXVariantGroup;
			children = (
				AE042D9D1FF506CC00FE35EA /* Base */,
			);
			name = LaunchScreen.storyboard;
			sourceTree = "<group>";
		};
/* End PBXVariantGroup section */

/* Begin XCBuildConfiguration section */
		AE042DA01FF506CC00FE35EA /* Debug */ = {
			isa = XCBuildConfiguration;
			buildSettings = {
				ALWAYS_SEARCH_USER_PATHS = NO;
				CLANG_ANALYZER_NONNULL = YES;
				CLANG_ANALYZER_NUMBER_OBJECT_CONVERSION = YES_AGGRESSIVE;
				CLANG_CXX_LANGUAGE_STANDARD = "gnu++14";
				CLANG_CXX_LIBRARY = "libc++";
				CLANG_ENABLE_MODULES = YES;
				CLANG_ENABLE_OBJC_ARC = YES;
				CLANG_WARN_BLOCK_CAPTURE_AUTORELEASING = YES;
				CLANG_WARN_BOOL_CONVERSION = YES;
				CLANG_WARN_COMMA = YES;
				CLANG_WARN_CONSTANT_CONVERSION = YES;
				CLANG_WARN_DIRECT_OBJC_ISA_USAGE = YES_ERROR;
				CLANG_WARN_DOCUMENTATION_COMMENTS = YES;
				CLANG_WARN_EMPTY_BODY = YES;
				CLANG_WARN_ENUM_CONVERSION = YES;
				CLANG_WARN_INFINITE_RECURSION = YES;
				CLANG_WARN_INT_CONVERSION = YES;
				CLANG_WARN_NON_LITERAL_NULL_CONVERSION = YES;
				CLANG_WARN_OBJC_LITERAL_CONVERSION = YES;
				CLANG_WARN_OBJC_ROOT_CLASS = YES_ERROR;
				CLANG_WARN_RANGE_LOOP_ANALYSIS = YES;
				CLANG_WARN_STRICT_PROTOTYPES = YES;
				CLANG_WARN_SUSPICIOUS_MOVE = YES;
				CLANG_WARN_UNGUARDED_AVAILABILITY = YES_AGGRESSIVE;
				CLANG_WARN_UNREACHABLE_CODE = YES;
				CLANG_WARN__DUPLICATE_METHOD_MATCH = YES;
				CODE_SIGN_IDENTITY = "iPhone Developer";
				COPY_PHASE_STRIP = NO;
				DEBUG_INFORMATION_FORMAT = dwarf;
				ENABLE_STRICT_OBJC_MSGSEND = YES;
				ENABLE_TESTABILITY = YES;
				GCC_C_LANGUAGE_STANDARD = gnu11;
				GCC_DYNAMIC_NO_PIC = NO;
				GCC_NO_COMMON_BLOCKS = YES;
				GCC_OPTIMIZATION_LEVEL = 0;
				GCC_PREPROCESSOR_DEFINITIONS = (
					"DEBUG=1",
					"$(inherited)",
				);
				GCC_WARN_64_TO_32_BIT_CONVERSION = YES;
				GCC_WARN_ABOUT_RETURN_TYPE = YES_ERROR;
				GCC_WARN_UNDECLARED_SELECTOR = YES;
				GCC_WARN_UNINITIALIZED_AUTOS = YES_AGGRESSIVE;
				GCC_WARN_UNUSED_FUNCTION = YES;
				GCC_WARN_UNUSED_VARIABLE = YES;
				IPHONEOS_DEPLOYMENT_TARGET = 11.2;
				MTL_ENABLE_DEBUG_INFO = YES;
				ONLY_ACTIVE_ARCH = YES;
				SDKROOT = iphoneos;
				SWIFT_ACTIVE_COMPILATION_CONDITIONS = DEBUG;
				SWIFT_OPTIMIZATION_LEVEL = "-Onone";
			};
			name = Debug;
		};
		AE042DA11FF506CC00FE35EA /* Release */ = {
			isa = XCBuildConfiguration;
			buildSettings = {
				ALWAYS_SEARCH_USER_PATHS = NO;
				CLANG_ANALYZER_NONNULL = YES;
				CLANG_ANALYZER_NUMBER_OBJECT_CONVERSION = YES_AGGRESSIVE;
				CLANG_CXX_LANGUAGE_STANDARD = "gnu++14";
				CLANG_CXX_LIBRARY = "libc++";
				CLANG_ENABLE_MODULES = YES;
				CLANG_ENABLE_OBJC_ARC = YES;
				CLANG_WARN_BLOCK_CAPTURE_AUTORELEASING = YES;
				CLANG_WARN_BOOL_CONVERSION = YES;
				CLANG_WARN_COMMA = YES;
				CLANG_WARN_CONSTANT_CONVERSION = YES;
				CLANG_WARN_DIRECT_OBJC_ISA_USAGE = YES_ERROR;
				CLANG_WARN_DOCUMENTATION_COMMENTS = YES;
				CLANG_WARN_EMPTY_BODY = YES;
				CLANG_WARN_ENUM_CONVERSION = YES;
				CLANG_WARN_INFINITE_RECURSION = YES;
				CLANG_WARN_INT_CONVERSION = YES;
				CLANG_WARN_NON_LITERAL_NULL_CONVERSION = YES;
				CLANG_WARN_OBJC_LITERAL_CONVERSION = YES;
				CLANG_WARN_OBJC_ROOT_CLASS = YES_ERROR;
				CLANG_WARN_RANGE_LOOP_ANALYSIS = YES;
				CLANG_WARN_STRICT_PROTOTYPES = YES;
				CLANG_WARN_SUSPICIOUS_MOVE = YES;
				CLANG_WARN_UNGUARDED_AVAILABILITY = YES_AGGRESSIVE;
				CLANG_WARN_UNREACHABLE_CODE = YES;
				CLANG_WARN__DUPLICATE_METHOD_MATCH = YES;
				CODE_SIGN_IDENTITY = "iPhone Developer";
				COPY_PHASE_STRIP = NO;
				DEBUG_INFORMATION_FORMAT = "dwarf-with-dsym";
				ENABLE_NS_ASSERTIONS = NO;
				ENABLE_STRICT_OBJC_MSGSEND = YES;
				GCC_C_LANGUAGE_STANDARD = gnu11;
				GCC_NO_COMMON_BLOCKS = YES;
				GCC_WARN_64_TO_32_BIT_CONVERSION = YES;
				GCC_WARN_ABOUT_RETURN_TYPE = YES_ERROR;
				GCC_WARN_UNDECLARED_SELECTOR = YES;
				GCC_WARN_UNINITIALIZED_AUTOS = YES_AGGRESSIVE;
				GCC_WARN_UNUSED_FUNCTION = YES;
				GCC_WARN_UNUSED_VARIABLE = YES;
				IPHONEOS_DEPLOYMENT_TARGET = 11.2;
				MTL_ENABLE_DEBUG_INFO = NO;
				SDKROOT = iphoneos;
				SWIFT_OPTIMIZATION_LEVEL = "-Owholemodule";
				VALIDATE_PRODUCT = YES;
			};
			name = Release;
		};
		AE042DA31FF506CC00FE35EA /* Debug */ = {
			isa = XCBuildConfiguration;
			buildSettings = {
				ASSETCATALOG_COMPILER_APPICON_NAME = AppIcon;
				CODE_SIGN_STYLE = Automatic;
				INFOPLIST_FILE = FusionCharts/Info.plist;
				LD_RUNPATH_SEARCH_PATHS = "$(inherited) @executable_path/Frameworks";
				PRODUCT_BUNDLE_IDENTIFIER = gagan.FusionCharts;
				PRODUCT_NAME = "$(TARGET_NAME)";
				SWIFT_VERSION = 4.0;
				TARGETED_DEVICE_FAMILY = "1,2";
			};
			name = Debug;
		};
		AE042DA41FF506CC00FE35EA /* Release */ = {
			isa = XCBuildConfiguration;
			buildSettings = {
				ASSETCATALOG_COMPILER_APPICON_NAME = AppIcon;
				CODE_SIGN_STYLE = Automatic;
				INFOPLIST_FILE = FusionCharts/Info.plist;
				LD_RUNPATH_SEARCH_PATHS = "$(inherited) @executable_path/Frameworks";
				PRODUCT_BUNDLE_IDENTIFIER = gagan.FusionCharts;
				PRODUCT_NAME = "$(TARGET_NAME)";
				SWIFT_VERSION = 4.0;
				TARGETED_DEVICE_FAMILY = "1,2";
			};
			name = Release;
		};
/* End XCBuildConfiguration section */

/* Begin XCConfigurationList section */
		AE042D8B1FF506CB00FE35EA /* Build configuration list for PBXProject "FusionCharts" */ = {
			isa = XCConfigurationList;
			buildConfigurations = (
				AE042DA01FF506CC00FE35EA /* Debug */,
				AE042DA11FF506CC00FE35EA /* Release */,
			);
			defaultConfigurationIsVisible = 0;
			defaultConfigurationName = Release;
		};
		AE042DA21FF506CC00FE35EA /* Build configuration list for PBXNativeTarget "FusionCharts" */ = {
			isa = XCConfigurationList;
			buildConfigurations = (
				AE042DA31FF506CC00FE35EA /* Debug */,
				AE042DA41FF506CC00FE35EA /* Release */,
			);
			defaultConfigurationIsVisible = 0;
			defaultConfigurationName = Release;
		};
/* End XCConfigurationList section */
	};
	rootObject = AE042D881FF506CB00FE35EA /* Project object */;
}
